PODS:
  - BszM3u8Downloader/Core (0.1.2)
  - BszM3u8Downloader/LocalServer (0.1.2):
    - BszM3u8Downloader/Core
    - BszM3u8Downloader/VendoredGCDWebServer
  - BszM3u8Downloader/VendoredGCDWebServer (0.1.2)

DEPENDENCIES:
  - BszM3u8Downloader/LocalServer (from `../`)

EXTERNAL SOURCES:
  BszM3u8Downloader:
    :path: "../"

SPEC CHECKSUMS:
  BszM3u8Downloader: afc8a8be856c630b217747315aa936832f961ba8

PODFILE CHECKSUM: b472e1be4307fba9535b44f57c07bff686b0baa3

COCOAPODS: 1.16.2
